// !$*UTF8*$!
{
	archiveVersion = 1;
	classes = {
	};
	objectVersion = 110;
	objects = {

/* Begin PBXContainerItemProxy section */
		49793E293017828A00694B68 /* PBXContainerItemProxy */ = {
			isa = PBXContainerItemProxy;
			containerPortal = 49793E133017828700694B68 /* Project object */;
			proxyType = 1;
			remoteGlobalIDString = 49793E1A3017828700694B68;
			remoteInfo = Aligna;
		};
		49793E333017828B00694B68 /* PBXContainerItemProxy */ = {
			isa = PBXContainerItemProxy;
			containerPortal = 49793E133017828700694B68 /* Project object */;
			proxyType = 1;
			remoteGlobalIDString = 49793E1A3017828700694B68;
			remoteInfo = Aligna;
		};
/* End PBXContainerItemProxy section */

/* Begin PBXFileReference section */
		49793E1B3017828700694B68 /* Aligna.app */ = {isa = PBXFileReference; explicitFileType = wrapper.application; includeInIndex = 0; path = Aligna.app; sourceTree = BUILT_PRODUCTS_DIR; };
		49793E283017828A00694B68 /* AlignaTests.xctest */ = {isa = PBXFileReference; explicitFileType = wrapper.cfbundle; includeInIndex = 0; path = AlignaTests.xctest; sourceTree = BUILT_PRODUCTS_DIR; };
		49793E323017828B00694B68 /* AlignaUITests.xctest */ = {isa = PBXFileReference; explicitFileType = wrapper.cfbundle; includeInIndex = 0; path = AlignaUITests.xctest; sourceTree = BUILT_PRODUCTS_DIR; };
/* End PBXFileReference section */

/* Begin PBXFileSystemSynchronizedRootGroup section */
		49793E1D3017828700694B68 /* Aligna */ = {
			isa = PBXFileSystemSynchronizedRootGroup;
			path = Aligna;
			sourceTree = "<group>";
		};
		49793E2B3017828A00694B68 /* AlignaTests */ = {
			isa = PBXFileSystemSynchronizedRootGroup;
			path = AlignaTests;
			sourceTree = "<group>";
		};
		49793E353017828B00694B68 /* AlignaUITests */ = {
			isa = PBXFileSystemSynchronizedRootGroup;
			path = AlignaUITests;
			sourceTree = "<group>";
		};
/* End PBXFileSystemSynchronizedRootGroup section */

/* Begin PBXFrameworksBuildPhase section */
		49793E183017828700694B68 /* Frameworks */ = {
			isa = PBXFrameworksBuildPhase;
			files = (
			);
		};
		49793E253017828A00694B68 /* Frameworks */ = {
			isa = PBXFrameworksBuildPhase;
			files = (
			);
		};
		49793E2F3017828B00694B68 /* Frameworks */ = {
			isa = PBXFrameworksBuildPhase;
			files = (
			);
		};
/* End PBXFrameworksBuildPhase section */

/* Begin PBXGroup section */
		49793E123017828700694B68 = {
			isa = PBXGroup;
			children = (
				49793E1D3017828700694B68 /* Aligna */,
				49793E2B3017828A00694B68 /* AlignaTests */,
				49793E353017828B00694B68 /* AlignaUITests */,
				49793E1C3017828700694B68 /* Products */,
			);
			sourceTree = "<group>";
		};
		49793E1C3017828700694B68 /* Products */ = {
			isa = PBXGroup;
			children = (
				49793E1B3017828700694B68 /* Aligna.app */,
				49793E283017828A00694B68 /* AlignaTests.xctest */,
				49793E323017828B00694B68 /* AlignaUITests.xctest */,
			);
			name = Products;
			sourceTree = "<group>";
		};
/* End PBXGroup section */

/* Begin PBXNativeTarget section */
		49793E1A3017828700694B68 /* Aligna */ = {
			isa = PBXNativeTarget;
			buildConfigurationList = 49793E3A3017828B00694B68 /* Build configuration list for PBXNativeTarget "Aligna" */;
			buildPhases = (
				49793E173017828700694B68 /* Sources */,
				49793E183017828700694B68 /* Frameworks */,
				49793E193017828700694B68 /* Resources */,
			);
			buildRules = (
			);
			fileSystemSynchronizedGroups = (
				49793E1D3017828700694B68 /* Aligna */,
			);
			name = Aligna;
			productName = Aligna;
			productReference = 49793E1B3017828700694B68 /* Aligna.app */;
			productType = "com.apple.product-type.application";
		};
		49793E273017828A00694B68 /* AlignaTests */ = {
			isa = PBXNativeTarget;
			buildConfigurationList = 49793E3D3017828B00694B68 /* Build configuration list for PBXNativeTarget "AlignaTests" */;
			buildPhases = (
				49793E243017828A00694B68 /* Sources */,
				49793E253017828A00694B68 /* Frameworks */,
				49793E263017828A00694B68 /* Resources */,
			);
			buildRules = (
			);
			dependencies = (
				49793E2A3017828A00694B68 /* PBXTargetDependency */,
			);
			fileSystemSynchronizedGroups = (
				49793E2B3017828A00694B68 /* AlignaTests */,
			);
			name = AlignaTests;
			productName = AlignaTests;
			productReference = 49793E283017828A00694B68 /* AlignaTests.xctest */;
			productType = "com.apple.product-type.bundle.unit-test";
		};
		49793E313017828B00694B68 /* AlignaUITests */ = {
			isa = PBXNativeTarget;
			buildConfigurationList = 49793E403017828B00694B68 /* Build configuration list for PBXNativeTarget "AlignaUITests" */;
			buildPhases = (
				49793E2E3017828B00694B68 /* Sources */,
				49793E2F3017828B00694B68 /* Frameworks */,
				49793E303017828B00694B68 /* Resources */,
			);
			buildRules = (
			);
			dependencies = (
				49793E343017828B00694B68 /* PBXTargetDependency */,
			);
			fileSystemSynchronizedGroups = (
				49793E353017828B00694B68 /* AlignaUITests */,
			);
			name = AlignaUITests;
			productName = AlignaUITests;
			productReference = 49793E323017828B00694B68 /* AlignaUITests.xctest */;
			productType = "com.apple.product-type.bundle.ui-testing";
		};
/* End PBXNativeTarget section */

/* Begin PBXProject section */
		49793E133017828700694B68 /* Project object */ = {
			isa = PBXProject;
			attributes = {
				BuildIndependentTargetsInParallel = 1;
				LastSwiftUpdateCheck = 2700;
				LastUpgradeCheck = 2700;
				TargetAttributes = {
					49793E1A3017828700694B68 = {
						CreatedOnToolsVersion = 27.0;
					};
					49793E273017828A00694B68 = {
						CreatedOnToolsVersion = 27.0;
						TestTargetID = 49793E1A3017828700694B68;
					};
					49793E313017828B00694B68 = {
						CreatedOnToolsVersion = 27.0;
						TestTargetID = 49793E1A3017828700694B68;
					};
				};
			};
			buildConfigurationList = 49793E163017828700694B68 /* Build configuration list for PBXProject "Aligna" */;
			developmentRegion = en;
			hasScannedForEncodings = 0;
			knownRegions = (
				en,
				Base,
			);
			mainGroup = 49793E123017828700694B68;
			minimizedProjectReferenceProxies = 1;
			preferredProjectObjectVersion = 77;
			productRefGroup = 49793E1C3017828700694B68 /* Products */;
			projectDirPath = "";
			projectRoot = "";
			targets = (
				49793E1A3017828700694B68 /* Aligna */,
				49793E273017828A00694B68 /* AlignaTests */,
				49793E313017828B00694B68 /* AlignaUITests */,
			);
		};
/* End PBXProject section */

/* Begin PBXResourcesBuildPhase section */
		49793E193017828700694B68 /* Resources */ = {
			isa = PBXResourcesBuildPhase;
			files = (
			);
		};
		49793E263017828A00694B68 /* Resources */ = {
			isa = PBXResourcesBuildPhase;
			files = (
			);
		};
		49793E303017828B00694B68 /* Resources */ = {
			isa = PBXResourcesBuildPhase;
			files = (
			);
		};
/* End PBXResourcesBuildPhase section */

/* Begin PBXSourcesBuildPhase section */
		49793E173017828700694B68 /* Sources */ = {
			isa = PBXSourcesBuildPhase;
			files = (
			);
		};
		49793E243017828A00694B68 /* Sources */ = {
			isa = PBXSourcesBuildPhase;
			files = (
			);
		};
		49793E2E3017828B00694B68 /* Sources */ = {
			isa = PBXSourcesBuildPhase;
			files = (
			);
		};
/* End PBXSourcesBuildPhase section */

/* Begin PBXTargetDependency section */
		49793E2A3017828A00694B68 /* PBXTargetDependency */ = {
			isa = PBXTargetDependency;
			target = 49793E1A3017828700694B68 /* Aligna */;
			targetProxy = 49793E293017828A00694B68 /* PBXContainerItemProxy */;
		};
		49793E343017828B00694B68 /* PBXTargetDependency */ = {
			isa = PBXTargetDependency;
			target = 49793E1A3017828700694B68 /* Aligna */;
			targetProxy = 49793E333017828B00694B68 /* PBXContainerItemProxy */;
		};
/* End PBXTargetDependency section */

/* Begin XCBuildConfiguration section */
		49793E383017828B00694B68 /* Debug configuration for PBXProject "Aligna" */ = {
			isa = XCBuildConfiguration;
			buildSettings = {
				ALWAYS_SEARCH_USER_PATHS = NO;
				ASSETCATALOG_COMPILER_GENERATE_SWIFT_ASSET_SYMBOL_EXTENSIONS = YES;
				CLANG_ANALYZER_NONNULL = YES;
				CLANG_ANALYZER_NUMBER_OBJECT_CONVERSION = YES_AGGRESSIVE;
				CLANG_CXX_LANGUAGE_STANDARD = "gnu++20";
				CLANG_ENABLE_MODULES = YES;
				CLANG_ENABLE_OBJC_ARC = YES;
				CLANG_ENABLE_OBJC_WEAK = YES;
				CLANG_WARN_BLOCK_CAPTURE_AUTORELEASING = YES;
				CLANG_WARN_BOOL_CONVERSION = YES;
				CLANG_WARN_COMMA = YES;
				CLANG_WARN_CONSTANT_CONVERSION = YES;
				CLANG_WARN_DEPRECATED_OBJC_IMPLEMENTATIONS = YES;
				CLANG_WARN_DIRECT_OBJC_ISA_USAGE = YES_ERROR;
				CLANG_WARN_DOCUMENTATION_COMMENTS = YES;
				CLANG_WARN_EMPTY_BODY = YES;
				CLANG_WARN_ENUM_CONVERSION = YES;
				CLANG_WARN_INFINITE_RECURSION = YES;
				CLANG_WARN_INT_CONVERSION = YES;
				CLANG_WARN_NON_LITERAL_NULL_CONVERSION = YES;
				CLANG_WARN_OBJC_IMPLICIT_RETAIN_SELF = YES;
				CLANG_WARN_OBJC_LITERAL_CONVERSION = YES;
				CLANG_WARN_OBJC_ROOT_CLASS = YES_ERROR;
				CLANG_WARN_QUOTED_INCLUDE_IN_FRAMEWORK_HEADER = YES;
				CLANG_WARN_RANGE_LOOP_ANALYSIS = YES;
				CLANG_WARN_STRICT_PROTOTYPES = YES;
				CLANG_WARN_SUSPICIOUS_MOVE = YES;
				CLANG_WARN_UNGUARDED_AVAILABILITY = YES_AGGRESSIVE;
				CLANG_WARN_UNREACHABLE_CODE = YES;
				CLANG_WARN__DUPLICATE_METHOD_MATCH = YES;
				COPY_PHASE_STRIP = NO;
				DEBUG_INFORMATION_FORMAT = dwarf;
				DEVELOPMENT_TEAM = XBXRHH528R;
				ENABLE_STRICT_OBJC_MSGSEND = YES;
				ENABLE_TESTABILITY = YES;
				ENABLE_USER_SCRIPT_SANDBOXING = YES;
				GCC_C_LANGUAGE_STANDARD = gnu17;
				GCC_DYNAMIC_NO_PIC = NO;
				GCC_NO_COMMON_BLOCKS = YES;
				GCC_OPTIMIZATION_LEVEL = 0;
				GCC_PREPROCESSOR_DEFINITIONS = (
					"DEBUG=1",
					"$(inherited)",
				);
				GCC_WARN_64_TO_32_BIT_CONVERSION = YES;
				GCC_WARN_ABOUT_RETURN_TYPE = YES_ERROR;
				GCC_WARN_UNDECLARED_SELECTOR = YES;
				GCC_WARN_UNINITIALIZED_AUTOS = YES_AGGRESSIVE;
				GCC_WARN_UNUSED_FUNCTION = YES;
				GCC_WARN_UNUSED_VARIABLE = YES;
				IPHONEOS_DEPLOYMENT_TARGET = 27.0;
				LOCALIZATION_PREFERS_STRING_CATALOGS = YES;
				MTL_ENABLE_DEBUG_INFO = INCLUDE_SOURCE;
				MTL_FAST_MATH = YES;
				ONLY_ACTIVE_ARCH = YES;
				SDKROOT = iphoneos;
				SWIFT_ACTIVE_COMPILATION_CONDITIONS = "DEBUG $(inherited)";
				SWIFT_OPTIMIZATION_LEVEL = "-Onone";
			};
			name = Debug;
		};
		49793E393017828B00694B68 /* Release configuration for PBXProject "Aligna" */ = {
			isa = XCBuildConfiguration;
			buildSettings = {
				ALWAYS_SEARCH_USER_PATHS = NO;
				ASSETCATALOG_COMPILER_GENERATE_SWIFT_ASSET_SYMBOL_EXTENSIONS = YES;
				CLANG_ANALYZER_NONNULL = YES;
				CLANG_ANALYZER_NUMBER_OBJECT_CONVERSION = YES_AGGRESSIVE;
				CLANG_CXX_LANGUAGE_STANDARD = "gnu++20";
				CLANG_ENABLE_MODULES = YES;
				CLANG_ENABLE_OBJC_ARC = YES;
				CLANG_ENABLE_OBJC_WEAK = YES;
				CLANG_WARN_BLOCK_CAPTURE_AUTORELEASING = YES;
				CLANG_WARN_BOOL_CONVERSION = YES;
				CLANG_WARN_COMMA = YES;
				CLANG_WARN_CONSTANT_CONVERSION = YES;
				CLANG_WARN_DEPRECATED_OBJC_IMPLEMENTATIONS = YES;
				CLANG_WARN_DIRECT_OBJC_ISA_USAGE = YES_ERROR;
				CLANG_WARN_DOCUMENTATION_COMMENTS = YES;
				CLANG_WARN_EMPTY_BODY = YES;
				CLANG_WARN_ENUM_CONVERSION = YES;
				CLANG_WARN_INFINITE_RECURSION = YES;
				CLANG_WARN_INT_CONVERSION = YES;
				CLANG_WARN_NON_LITERAL_NULL_CONVERSION = YES;
				CLANG_WARN_OBJC_IMPLICIT_RETAIN_SELF = YES;
				CLANG_WARN_OBJC_LITERAL_CONVERSION = YES;
				CLANG_WARN_OBJC_ROOT_CLASS = YES_ERROR;
				CLANG_WARN_QUOTED_INCLUDE_IN_FRAMEWORK_HEADER = YES;
				CLANG_WARN_RANGE_LOOP_ANALYSIS = YES;
				CLANG_WARN_STRICT_PROTOTYPES = YES;
				CLANG_WARN_SUSPICIOUS_MOVE = YES;
				CLANG_WARN_UNGUARDED_AVAILABILITY = YES_AGGRESSIVE;
				CLANG_WARN_UNREACHABLE_CODE = YES;
				CLANG_WARN__DUPLICATE_METHOD_MATCH = YES;
				COPY_PHASE_STRIP = NO;
				DEBUG_INFORMATION_FORMAT = "dwarf-with-dsym";
				DEVELOPMENT_TEAM = XBXRHH528R;
				ENABLE_NS_ASSERTIONS = NO;
				ENABLE_STRICT_OBJC_MSGSEND = YES;
				ENABLE_USER_SCRIPT_SANDBOXING = YES;
				GCC_C_LANGUAGE_STANDARD = gnu17;
				GCC_NO_COMMON_BLOCKS = YES;
				GCC_WARN_64_TO_32_BIT_CONVERSION = YES;
				GCC_WARN_ABOUT_RETURN_TYPE = YES_ERROR;
				GCC_WARN_UNDECLARED_SELECTOR = YES;
				GCC_WARN_UNINITIALIZED_AUTOS = YES_AGGRESSIVE;
				GCC_WARN_UNUSED_FUNCTION = YES;
				GCC_WARN_UNUSED_VARIABLE = YES;
				IPHONEOS_DEPLOYMENT_TARGET = 27.0;
				LOCALIZATION_PREFERS_STRING_CATALOGS = YES;
				MTL_ENABLE_DEBUG_INFO = NO;
				MTL_FAST_MATH = YES;
				SDKROOT = iphoneos;
				SWIFT_COMPILATION_MODE = wholemodule;
				VALIDATE_PRODUCT = YES;
			};
			name = Release;
		};
		49793E3B3017828B00694B68 /* Debug configuration for PBXNativeTarget "Aligna" */ = {
			isa = XCBuildConfiguration;
			buildSettings = {
				ASSETCATALOG_COMPILER_APPICON_NAME = AppIcon;
				ASSETCATALOG_COMPILER_GLOBAL_ACCENT_COLOR_NAME = AccentColor;
				CODE_SIGN_STYLE = Automatic;
				CURRENT_PROJECT_VERSION = 1;
				DEVELOPMENT_TEAM = XBXRHH528R;
				ENABLE_PREVIEWS = YES;
				GENERATE_INFOPLIST_FILE = YES;
				INFOPLIST_KEY_UIApplicationSceneManifest_Generation = YES;
				INFOPLIST_KEY_UIApplicationSupportsIndirectInputEvents = YES;
				INFOPLIST_KEY_UILaunchScreen_Generation = YES;
				INFOPLIST_KEY_UISupportedInterfaceOrientations_iPad = "UIInterfaceOrientationPortrait UIInterfaceOrientationPortraitUpsideDown UIInterfaceOrientationLandscapeLeft UIInterfaceOrientationLandscapeRight";
				INFOPLIST_KEY_UISupportedInterfaceOrientations_iPhone = "UIInterfaceOrientationPortrait UIInterfaceOrientationLandscapeLeft UIInterfaceOrientationLandscapeRight";
				LD_RUNPATH_SEARCH_PATHS = (
					"$(inherited)",
					"@executable_path/Frameworks",
				);
				MARKETING_VERSION = 1.0;
				PRODUCT_BUNDLE_IDENTIFIER = dev.notjc.Aligna;
				PRODUCT_NAME = "$(TARGET_NAME)";
				STRING_CATALOG_GENERATE_SYMBOLS = YES;
				SWIFT_APPROACHABLE_CONCURRENCY = YES;
				SWIFT_DEFAULT_ACTOR_ISOLATION = MainActor;
				SWIFT_EMIT_LOC_STRINGS = YES;
				SWIFT_UPCOMING_FEATURE_MEMBER_IMPORT_VISIBILITY = YES;
				SWIFT_VERSION = 5.0;
				TARGETED_DEVICE_FAMILY = "1,2";
			};
			name = Debug;
		};
		49793E3C3017828B00694B68 /* Release configuration for PBXNativeTarget "Aligna" */ = {
			isa = XCBuildConfiguration;
			buildSettings = {
				ASSETCATALOG_COMPILER_APPICON_NAME = AppIcon;
				ASSETCATALOG_COMPILER_GLOBAL_ACCENT_COLOR_NAME = AccentColor;
				CODE_SIGN_STYLE = Automatic;
				CURRENT_PROJECT_VERSION = 1;
				DEVELOPMENT_TEAM = XBXRHH528R;
				ENABLE_PREVIEWS = YES;
				GENERATE_INFOPLIST_FILE = YES;
				INFOPLIST_KEY_UIApplicationSceneManifest_Generation = YES;
				INFOPLIST_KEY_UIApplicationSupportsIndirectInputEvents = YES;
				INFOPLIST_KEY_UILaunchScreen_Generation = YES;
				INFOPLIST_KEY_UISupportedInterfaceOrientations_iPad = "UIInterfaceOrientationPortrait UIInterfaceOrientationPortraitUpsideDown UIInterfaceOrientationLandscapeLeft UIInterfaceOrientationLandscapeRight";
				INFOPLIST_KEY_UISupportedInterfaceOrientations_iPhone = "UIInterfaceOrientationPortrait UIInterfaceOrientationLandscapeLeft UIInterfaceOrientationLandscapeRight";
				LD_RUNPATH_SEARCH_PATHS = (
					"$(inherited)",
					"@executable_path/Frameworks",
				);
				MARKETING_VERSION = 1.0;
				PRODUCT_BUNDLE_IDENTIFIER = dev.notjc.Aligna;
				PRODUCT_NAME = "$(TARGET_NAME)";
				STRING_CATALOG_GENERATE_SYMBOLS = YES;
				SWIFT_APPROACHABLE_CONCURRENCY = YES;
				SWIFT_DEFAULT_ACTOR_ISOLATION = MainActor;
				SWIFT_EMIT_LOC_STRINGS = YES;
				SWIFT_UPCOMING_FEATURE_MEMBER_IMPORT_VISIBILITY = YES;
				SWIFT_VERSION = 5.0;
				TARGETED_DEVICE_FAMILY = "1,2";
			};
			name = Release;
		};
		49793E3E3017828B00694B68 /* Debug configuration for PBXNativeTarget "AlignaTests" */ = {
			isa = XCBuildConfiguration;
			buildSettings = {
				BUNDLE_LOADER = "$(TEST_HOST)";
				CODE_SIGN_STYLE = Automatic;
				CURRENT_PROJECT_VERSION = 1;
				DEVELOPMENT_TEAM = XBXRHH528R;
				GENERATE_INFOPLIST_FILE = YES;
				IPHONEOS_DEPLOYMENT_TARGET = 27.0;
				MARKETING_VERSION = 1.0;
				PRODUCT_BUNDLE_IDENTIFIER = dev.notjc.AlignaTests;
				PRODUCT_NAME = "$(TARGET_NAME)";
				STRING_CATALOG_GENERATE_SYMBOLS = NO;
				SWIFT_APPROACHABLE_CONCURRENCY = YES;
				SWIFT_EMIT_LOC_STRINGS = NO;
				SWIFT_UPCOMING_FEATURE_MEMBER_IMPORT_VISIBILITY = YES;
				SWIFT_VERSION = 5.0;
				TARGETED_DEVICE_FAMILY = "1,2";
				TEST_HOST = "$(BUILT_PRODUCTS_DIR)/Aligna.app/$(BUNDLE_EXECUTABLE_FOLDER_PATH)/Aligna";
			};
			name = Debug;
		};
		49793E3F3017828B00694B68 /* Release configuration for PBXNativeTarget "AlignaTests" */ = {
			isa = XCBuildConfiguration;
			buildSettings = {
				BUNDLE_LOADER = "$(TEST_HOST)";
				CODE_SIGN_STYLE = Automatic;
				CURRENT_PROJECT_VERSION = 1;
				DEVELOPMENT_TEAM = XBXRHH528R;
				GENERATE_INFOPLIST_FILE = YES;
				IPHONEOS_DEPLOYMENT_TARGET = 27.0;
				MARKETING_VERSION = 1.0;
				PRODUCT_BUNDLE_IDENTIFIER = dev.notjc.AlignaTests;
				PRODUCT_NAME = "$(TARGET_NAME)";
				STRING_CATALOG_GENERATE_SYMBOLS = NO;
				SWIFT_APPROACHABLE_CONCURRENCY = YES;
				SWIFT_EMIT_LOC_STRINGS = NO;
				SWIFT_UPCOMING_FEATURE_MEMBER_IMPORT_VISIBILITY = YES;
				SWIFT_VERSION = 5.0;
				TARGETED_DEVICE_FAMILY = "1,2";
				TEST_HOST = "$(BUILT_PRODUCTS_DIR)/Aligna.app/$(BUNDLE_EXECUTABLE_FOLDER_PATH)/Aligna";
			};
			name = Release;
		};
		49793E413017828B00694B68 /* Debug configuration for PBXNativeTarget "AlignaUITests" */ = {
			isa = XCBuildConfiguration;
			buildSettings = {
				CODE_SIGN_STYLE = Automatic;
				CURRENT_PROJECT_VERSION = 1;
				DEVELOPMENT_TEAM = XBXRHH528R;
				GENERATE_INFOPLIST_FILE = YES;
				MARKETING_VERSION = 1.0;
				PRODUCT_BUNDLE_IDENTIFIER = dev.notjc.AlignaUITests;
				PRODUCT_NAME = "$(TARGET_NAME)";
				STRING_CATALOG_GENERATE_SYMBOLS = NO;
				SWIFT_APPROACHABLE_CONCURRENCY = YES;
				SWIFT_EMIT_LOC_STRINGS = NO;
				SWIFT_UPCOMING_FEATURE_MEMBER_IMPORT_VISIBILITY = YES;
				SWIFT_VERSION = 5.0;
				TARGETED_DEVICE_FAMILY = "1,2";
				TEST_TARGET_NAME = Aligna;
			};
			name = Debug;
		};
		49793E423017828B00694B68 /* Release configuration for PBXNativeTarget "AlignaUITests" */ = {
			isa = XCBuildConfiguration;
			buildSettings = {
				CODE_SIGN_STYLE = Automatic;
				CURRENT_PROJECT_VERSION = 1;
				DEVELOPMENT_TEAM = XBXRHH528R;
				GENERATE_INFOPLIST_FILE = YES;
				MARKETING_VERSION = 1.0;
				PRODUCT_BUNDLE_IDENTIFIER = dev.notjc.AlignaUITests;
				PRODUCT_NAME = "$(TARGET_NAME)";
				STRING_CATALOG_GENERATE_SYMBOLS = NO;
				SWIFT_APPROACHABLE_CONCURRENCY = YES;
				SWIFT_EMIT_LOC_STRINGS = NO;
				SWIFT_UPCOMING_FEATURE_MEMBER_IMPORT_VISIBILITY = YES;
				SWIFT_VERSION = 5.0;
				TARGETED_DEVICE_FAMILY = "1,2";
				TEST_TARGET_NAME = Aligna;
			};
			name = Release;
		};
/* End XCBuildConfiguration section */

/* Begin XCConfigurationList section */
		49793E163017828700694B68 /* Build configuration list for PBXProject "Aligna" */ = {
			isa = XCConfigurationList;
			buildConfigurations = (
				49793E383017828B00694B68 /* Debug configuration for PBXProject "Aligna" */,
				49793E393017828B00694B68 /* Release configuration for PBXProject "Aligna" */,
			);
			defaultConfigurationName = Release;
		};
		49793E3A3017828B00694B68 /* Build configuration list for PBXNativeTarget "Aligna" */ = {
			isa = XCConfigurationList;
			buildConfigurations = (
				49793E3B3017828B00694B68 /* Debug configuration for PBXNativeTarget "Aligna" */,
				49793E3C3017828B00694B68 /* Release configuration for PBXNativeTarget "Aligna" */,
			);
			defaultConfigurationName = Release;
		};
		49793E3D3017828B00694B68 /* Build configuration list for PBXNativeTarget "AlignaTests" */ = {
			isa = XCConfigurationList;
			buildConfigurations = (
				49793E3E3017828B00694B68 /* Debug configuration for PBXNativeTarget "AlignaTests" */,
				49793E3F3017828B00694B68 /* Release configuration for PBXNativeTarget "AlignaTests" */,
			);
			defaultConfigurationName = Release;
		};
		49793E403017828B00694B68 /* Build configuration list for PBXNativeTarget "AlignaUITests" */ = {
			isa = XCConfigurationList;
			buildConfigurations = (
				49793E413017828B00694B68 /* Debug configuration for PBXNativeTarget "AlignaUITests" */,
				49793E423017828B00694B68 /* Release configuration for PBXNativeTarget "AlignaUITests" */,
			);
			defaultConfigurationName = Release;
		};
/* End XCConfigurationList section */
	};
	rootObject = 49793E133017828700694B68 /* Project object */;
	validationLevel = 1;
}
